
Microsoft Visual Studio Solution File, Format Version 12.00
# Visual Studio Version 17
VisualStudioVersion = 17.2.32630.192
MinimumVisualStudioVersion = 10.0.40219.1
Project("{FAE04EC0-301F-11D3-BF4B-00C04F79EFBC}") = "CadastroUsuarios", "CadastroUsuarios\CadastroUsuarios.csproj", "{CA2355F7-B120-45C3-A660-EE43FA47B795}"
EndProject
Global
	GlobalSection(SolutionConfigurationPlatforms) = preSolution
		Debug|Any CPU = Debug|Any CPU
		Release|Any CPU = Release|Any CPU
	EndGlobalSection
	GlobalSection(ProjectConfigurationPlatforms) = postSolution
		{CA2355F7-B120-45C3-A660-EE43FA47B795}.Debug|Any CPU.ActiveCfg = Debug|Any CPU
		{CA2355F7-B120-45C3-A660-EE43FA47B795}.Debug|Any CPU.Build.0 = Debug|Any CPU
		{CA2355F7-B120-45C3-A660-EE43FA47B795}.Release|Any CPU.ActiveCfg = Release|Any CPU
		{CA2355F7-B120-45C3-A660-EE43FA47B795}.Release|Any CPU.Build.0 = Release|Any CPU
	EndGlobalSection
	GlobalSection(SolutionProperties) = preSolution
		HideSolutionNode = FALSE
	EndGlobalSection
	GlobalSection(ExtensibilityGlobals) = postSolution
		SolutionGuid = {EC5B8215-23D6-4DE8-BC5F-548804248AD9}
	EndGlobalSection
EndGlobal
